
Microsoft Visual Studio Solution File, Format Version 12.00
# Visual Studio 15
Project("{FAE04EC0-301F-11D3-BF4B-00C04F79EFBC}") = "UnityEngine.TestRunner", "UnityEngine.TestRunner.csproj", "{F7A2428D-CB7D-6745-2EB1-5A8ABBC03DEE}"
EndProject
Project("{FAE04EC0-301F-11D3-BF4B-00C04F79EFBC}") = "Unity.Timeline", "Unity.Timeline.csproj", "{B292EB7B-F93F-530E-A94C-D4F3DD1B958A}"
EndProject
Project("{FAE04EC0-301F-11D3-BF4B-00C04F79EFBC}") = "UnityEngine.UI", "UnityEngine.UI.csproj", "{0502EBCF-18C9-E8A0-4E7E-C382168CED22}"
EndProject
Project("{FAE04EC0-301F-11D3-BF4B-00C04F79EFBC}") = "Unity.TextMeshPro", "Unity.TextMeshPro.csproj", "{4851DF35-D074-1F92-9CD9-E75751C62D57}"
EndProject
Project("{FAE04EC0-301F-11D3-BF4B-00C04F79EFBC}") = "Unity.Postprocessing.Runtime", "Unity.Postprocessing.Runtime.csproj", "{3E1DDA72-22FE-A962-D7F6-02DE3D494BB4}"
EndProject
Project("{FAE04EC0-301F-11D3-BF4B-00C04F79EFBC}") = "Assembly-CSharp", "Assembly-CSharp.csproj", "{6A712C78-EE40-CB95-CE1A-7B2AD3CB962C}"
EndProject
Project("{FAE04EC0-301F-11D3-BF4B-00C04F79EFBC}") = "UnityEditor.TestRunner", "UnityEditor.TestRunner.csproj", "{82FC1F18-1007-8263-FF96-4F59117ED5F2}"
EndProject
Project("{FAE04EC0-301F-11D3-BF4B-00C04F79EFBC}") = "Unity.PlasticSCM.Editor", "Unity.PlasticSCM.Editor.csproj", "{6F3BBA06-1ABA-D925-CCA6-A0B5156A568D}"
EndProject
Project("{FAE04EC0-301F-11D3-BF4B-00C04F79EFBC}") = "UnityEditor.UI", "UnityEditor.UI.csproj", "{DE40E3B8-DB42-05BF-350C-A92E9ECE08B3}"
EndProject
Project("{FAE04EC0-301F-11D3-BF4B-00C04F79EFBC}") = "Unity.Timeline.Editor", "Unity.Timeline.Editor.csproj", "{63386222-660E-82B6-A055-2F36392F32D0}"
EndProject
Project("{FAE04EC0-301F-11D3-BF4B-00C04F79EFBC}") = "Unity.VisualStudio.Editor", "Unity.VisualStudio.Editor.csproj", "{C03903EF-1542-8DD3-BD51-EBE4BCC469E8}"
EndProject
Project("{FAE04EC0-301F-11D3-BF4B-00C04F79EFBC}") = "Unity.TextMeshPro.Editor", "Unity.TextMeshPro.Editor.csproj", "{F54C5D4F-2A8B-9B54-F270-5D28DF399865}"
EndProject
Project("{FAE04EC0-301F-11D3-BF4B-00C04F79EFBC}") = "Unity.CollabProxy.Editor", "Unity.CollabProxy.Editor.csproj", "{6A7194BF-3BF5-92E0-15B1-F65B893A298B}"
EndProject
Project("{FAE04EC0-301F-11D3-BF4B-00C04F79EFBC}") = "Unity.Postprocessing.Editor", "Unity.Postprocessing.Editor.csproj", "{6D7762C4-AE48-1E42-31F4-CD227D81AD37}"
EndProject
Project("{FAE04EC0-301F-11D3-BF4B-00C04F79EFBC}") = "Unity.Rider.Editor", "Unity.Rider.Editor.csproj", "{D4535F79-5ABE-AD90-3358-F4EE277246E1}"
EndProject
Project("{FAE04EC0-301F-11D3-BF4B-00C04F79EFBC}") = "Unity.2D.Sprite.Editor", "Unity.2D.Sprite.Editor.csproj", "{919432AA-0DC3-BA24-CF49-559172E1A54F}"
EndProject
Project("{FAE04EC0-301F-11D3-BF4B-00C04F79EFBC}") = "Unity.VSCode.Editor", "Unity.VSCode.Editor.csproj", "{821B8CCE-2C3F-D8C4-99D1-FBAE23EE7BA3}"
EndProject
Project("{FAE04EC0-301F-11D3-BF4B-00C04F79EFBC}") = "UnityEngine.TestRunner", "UnityEngine.TestRunner.Player.csproj", "{CB53B62B-9A8A-8289-F8FB-B15E51FA2411}"
EndProject
Project("{FAE04EC0-301F-11D3-BF4B-00C04F79EFBC}") = "Unity.Timeline", "Unity.Timeline.Player.csproj", "{ACDC1238-30AA-3FE6-C74B-64C52DB90C78}"
EndProject
Project("{FAE04EC0-301F-11D3-BF4B-00C04F79EFBC}") = "UnityEngine.UI", "UnityEngine.UI.Player.csproj", "{E97BD402-83DF-9E9A-9569-65BC9B07667D}"
EndProject
Project("{FAE04EC0-301F-11D3-BF4B-00C04F79EFBC}") = "Unity.TextMeshPro", "Unity.TextMeshPro.Player.csproj", "{45B232E3-4950-A25D-B7AA-9340845BD7F1}"
EndProject
Project("{FAE04EC0-301F-11D3-BF4B-00C04F79EFBC}") = "Unity.Postprocessing.Runtime", "Unity.Postprocessing.Runtime.Player.csproj", "{DC7FF8D3-F5E3-A48A-E019-9A9C26DCCC68}"
EndProject
Project("{FAE04EC0-301F-11D3-BF4B-00C04F79EFBC}") = "Assembly-CSharp", "Assembly-CSharp.Player.csproj", "{DB615770-1B24-D4DD-CB8E-9A27E33E3039}"
EndProject
Global
	GlobalSection(SolutionConfigurationPlatforms) = preSolution
		Debug|Any CPU = Debug|Any CPU
		Release|Any CPU = Release|Any CPU
	EndGlobalSection
	GlobalSection(ProjectConfigurationPlatforms) = postSolution
		{F7A2428D-CB7D-6745-2EB1-5A8ABBC03DEE}.Debug|Any CPU.ActiveCfg = Debug|Any CPU
		{F7A2428D-CB7D-6745-2EB1-5A8ABBC03DEE}.Debug|Any CPU.Build.0 = Debug|Any CPU
		{F7A2428D-CB7D-6745-2EB1-5A8ABBC03DEE}.Release|Any CPU.ActiveCfg = Release|Any CPU
		{F7A2428D-CB7D-6745-2EB1-5A8ABBC03DEE}.Release|Any CPU.Build.0 = Release|Any CPU
		{B292EB7B-F93F-530E-A94C-D4F3DD1B958A}.Debug|Any CPU.ActiveCfg = Debug|Any CPU
		{B292EB7B-F93F-530E-A94C-D4F3DD1B958A}.Debug|Any CPU.Build.0 = Debug|Any CPU
		{B292EB7B-F93F-530E-A94C-D4F3DD1B958A}.Release|Any CPU.ActiveCfg = Release|Any CPU
		{B292EB7B-F93F-530E-A94C-D4F3DD1B958A}.Release|Any CPU.Build.0 = Release|Any CPU
		{0502EBCF-18C9-E8A0-4E7E-C382168CED22}.Debug|Any CPU.ActiveCfg = Debug|Any CPU
		{0502EBCF-18C9-E8A0-4E7E-C382168CED22}.Debug|Any CPU.Build.0 = Debug|Any CPU
		{0502EBCF-18C9-E8A0-4E7E-C382168CED22}.Release|Any CPU.ActiveCfg = Release|Any CPU
		{0502EBCF-18C9-E8A0-4E7E-C382168CED22}.Release|Any CPU.Build.0 = Release|Any CPU
		{4851DF35-D074-1F92-9CD9-E75751C62D57}.Debug|Any CPU.ActiveCfg = Debug|Any CPU
		{4851DF35-D074-1F92-9CD9-E75751C62D57}.Debug|Any CPU.Build.0 = Debug|Any CPU
		{4851DF35-D074-1F92-9CD9-E75751C62D57}.Release|Any CPU.ActiveCfg = Release|Any CPU
		{4851DF35-D074-1F92-9CD9-E75751C62D57}.Release|Any CPU.Build.0 = Release|Any CPU
		{3E1DDA72-22FE-A962-D7F6-02DE3D494BB4}.Debug|Any CPU.ActiveCfg = Debug|Any CPU
		{3E1DDA72-22FE-A962-D7F6-02DE3D494BB4}.Debug|Any CPU.Build.0 = Debug|Any CPU
		{3E1DDA72-22FE-A962-D7F6-02DE3D494BB4}.Release|Any CPU.ActiveCfg = Release|Any CPU
		{3E1DDA72-22FE-A962-D7F6-02DE3D494BB4}.Release|Any CPU.Build.0 = Release|Any CPU
		{6A712C78-EE40-CB95-CE1A-7B2AD3CB962C}.Debug|Any CPU.ActiveCfg = Debug|Any CPU
		{6A712C78-EE40-CB95-CE1A-7B2AD3CB962C}.Debug|Any CPU.Build.0 = Debug|Any CPU
		{6A712C78-EE40-CB95-CE1A-7B2AD3CB962C}.Release|Any CPU.ActiveCfg = Release|Any CPU
		{6A712C78-EE40-CB95-CE1A-7B2AD3CB962C}.Release|Any CPU.Build.0 = Release|Any CPU
		{82FC1F18-1007-8263-FF96-4F59117ED5F2}.Debug|Any CPU.ActiveCfg = Debug|Any CPU
		{82FC1F18-1007-8263-FF96-4F59117ED5F2}.Debug|Any CPU.Build.0 = Debug|Any CPU
		{82FC1F18-1007-8263-FF96-4F59117ED5F2}.Release|Any CPU.ActiveCfg = Release|Any CPU
		{82FC1F18-1007-8263-FF96-4F59117ED5F2}.Release|Any CPU.Build.0 = Release|Any CPU
		{6F3BBA06-1ABA-D925-CCA6-A0B5156A568D}.Debug|Any CPU.ActiveCfg = Debug|Any CPU
		{6F3BBA06-1ABA-D925-CCA6-A0B5156A568D}.Debug|Any CPU.Build.0 = Debug|Any CPU
		{6F3BBA06-1ABA-D925-CCA6-A0B5156A568D}.Release|Any CPU.ActiveCfg = Release|Any CPU
		{6F3BBA06-1ABA-D925-CCA6-A0B5156A568D}.Release|Any CPU.Build.0 = Release|Any CPU
		{DE40E3B8-DB42-05BF-350C-A92E9ECE08B3}.Debug|Any CPU.ActiveCfg = Debug|Any CPU
		{DE40E3B8-DB42-05BF-350C-A92E9ECE08B3}.Debug|Any CPU.Build.0 = Debug|Any CPU
		{DE40E3B8-DB42-05BF-350C-A92E9ECE08B3}.Release|Any CPU.ActiveCfg = Release|Any CPU
		{DE40E3B8-DB42-05BF-350C-A92E9ECE08B3}.Release|Any CPU.Build.0 = Release|Any CPU
		{63386222-660E-82B6-A055-2F36392F32D0}.Debug|Any CPU.ActiveCfg = Debug|Any CPU
		{63386222-660E-82B6-A055-2F36392F32D0}.Debug|Any CPU.Build.0 = Debug|Any CPU
		{63386222-660E-82B6-A055-2F36392F32D0}.Release|Any CPU.ActiveCfg = Release|Any CPU
		{63386222-660E-82B6-A055-2F36392F32D0}.Release|Any CPU.Build.0 = Release|Any CPU
		{C03903EF-1542-8DD3-BD51-EBE4BCC469E8}.Debug|Any CPU.ActiveCfg = Debug|Any CPU
		{C03903EF-1542-8DD3-BD51-EBE4BCC469E8}.Debug|Any CPU.Build.0 = Debug|Any CPU
		{C03903EF-1542-8DD3-BD51-EBE4BCC469E8}.Release|Any CPU.ActiveCfg = Release|Any CPU
		{C03903EF-1542-8DD3-BD51-EBE4BCC469E8}.Release|Any CPU.Build.0 = Release|Any CPU
		{F54C5D4F-2A8B-9B54-F270-5D28DF399865}.Debug|Any CPU.ActiveCfg = Debug|Any CPU
		{F54C5D4F-2A8B-9B54-F270-5D28DF399865}.Debug|Any CPU.Build.0 = Debug|Any CPU
		{F54C5D4F-2A8B-9B54-F270-5D28DF399865}.Release|Any CPU.ActiveCfg = Release|Any CPU
		{F54C5D4F-2A8B-9B54-F270-5D28DF399865}.Release|Any CPU.Build.0 = Release|Any CPU
		{6A7194BF-3BF5-92E0-15B1-F65B893A298B}.Debug|Any CPU.ActiveCfg = Debug|Any CPU
		{6A7194BF-3BF5-92E0-15B1-F65B893A298B}.Debug|Any CPU.Build.0 = Debug|Any CPU
		{6A7194BF-3BF5-92E0-15B1-F65B893A298B}.Release|Any CPU.ActiveCfg = Release|Any CPU
		{6A7194BF-3BF5-92E0-15B1-F65B893A298B}.Release|Any CPU.Build.0 = Release|Any CPU
		{6D7762C4-AE48-1E42-31F4-CD227D81AD37}.Debug|Any CPU.ActiveCfg = Debug|Any CPU
		{6D7762C4-AE48-1E42-31F4-CD227D81AD37}.Debug|Any CPU.Build.0 = Debug|Any CPU
		{6D7762C4-AE48-1E42-31F4-CD227D81AD37}.Release|Any CPU.ActiveCfg = Release|Any CPU
		{6D7762C4-AE48-1E42-31F4-CD227D81AD37}.Release|Any CPU.Build.0 = Release|Any CPU
		{D4535F79-5ABE-AD90-3358-F4EE277246E1}.Debug|Any CPU.ActiveCfg = Debug|Any CPU
		{D4535F79-5ABE-AD90-3358-F4EE277246E1}.Debug|Any CPU.Build.0 = Debug|Any CPU
		{D4535F79-5ABE-AD90-3358-F4EE277246E1}.Release|Any CPU.ActiveCfg = Release|Any CPU
		{D4535F79-5ABE-AD90-3358-F4EE277246E1}.Release|Any CPU.Build.0 = Release|Any CPU
		{919432AA-0DC3-BA24-CF49-559172E1A54F}.Debug|Any CPU.ActiveCfg = Debug|Any CPU
		{919432AA-0DC3-BA24-CF49-559172E1A54F}.Debug|Any CPU.Build.0 = Debug|Any CPU
		{919432AA-0DC3-BA24-CF49-559172E1A54F}.Release|Any CPU.ActiveCfg = Release|Any CPU
		{919432AA-0DC3-BA24-CF49-559172E1A54F}.Release|Any CPU.Build.0 = Release|Any CPU
		{821B8CCE-2C3F-D8C4-99D1-FBAE23EE7BA3}.Debug|Any CPU.ActiveCfg = Debug|Any CPU
		{821B8CCE-2C3F-D8C4-99D1-FBAE23EE7BA3}.Debug|Any CPU.Build.0 = Debug|Any CPU
		{821B8CCE-2C3F-D8C4-99D1-FBAE23EE7BA3}.Release|Any CPU.ActiveCfg = Release|Any CPU
		{821B8CCE-2C3F-D8C4-99D1-FBAE23EE7BA3}.Release|Any CPU.Build.0 = Release|Any CPU
		{CB53B62B-9A8A-8289-F8FB-B15E51FA2411}.Debug|Any CPU.ActiveCfg = Debug|Any CPU
		{CB53B62B-9A8A-8289-F8FB-B15E51FA2411}.Debug|Any CPU.Build.0 = Debug|Any CPU
		{CB53B62B-9A8A-8289-F8FB-B15E51FA2411}.Release|Any CPU.ActiveCfg = Release|Any CPU
		{CB53B62B-9A8A-8289-F8FB-B15E51FA2411}.Release|Any CPU.Build.0 = Release|Any CPU
		{ACDC1238-30AA-3FE6-C74B-64C52DB90C78}.Debug|Any CPU.ActiveCfg = Debug|Any CPU
		{ACDC1238-30AA-3FE6-C74B-64C52DB90C78}.Debug|Any CPU.Build.0 = Debug|Any CPU
		{ACDC1238-30AA-3FE6-C74B-64C52DB90C78}.Release|Any CPU.ActiveCfg = Release|Any CPU
		{ACDC1238-30AA-3FE6-C74B-64C52DB90C78}.Release|Any CPU.Build.0 = Release|Any CPU
		{E97BD402-83DF-9E9A-9569-65BC9B07667D}.Debug|Any CPU.ActiveCfg = Debug|Any CPU
		{E97BD402-83DF-9E9A-9569-65BC9B07667D}.Debug|Any CPU.Build.0 = Debug|Any CPU
		{E97BD402-83DF-9E9A-9569-65BC9B07667D}.Release|Any CPU.ActiveCfg = Release|Any CPU
		{E97BD402-83DF-9E9A-9569-65BC9B07667D}.Release|Any CPU.Build.0 = Release|Any CPU
		{45B232E3-4950-A25D-B7AA-9340845BD7F1}.Debug|Any CPU.ActiveCfg = Debug|Any CPU
		{45B232E3-4950-A25D-B7AA-9340845BD7F1}.Debug|Any CPU.Build.0 = Debug|Any CPU
		{45B232E3-4950-A25D-B7AA-9340845BD7F1}.Release|Any CPU.ActiveCfg = Release|Any CPU
		{45B232E3-4950-A25D-B7AA-9340845BD7F1}.Release|Any CPU.Build.0 = Release|Any CPU
		{DC7FF8D3-F5E3-A48A-E019-9A9C26DCCC68}.Debug|Any CPU.ActiveCfg = Debug|Any CPU
		{DC7FF8D3-F5E3-A48A-E019-9A9C26DCCC68}.Debug|Any CPU.Build.0 = Debug|Any CPU
		{DC7FF8D3-F5E3-A48A-E019-9A9C26DCCC68}.Release|Any CPU.ActiveCfg = Release|Any CPU
		{DC7FF8D3-F5E3-A48A-E019-9A9C26DCCC68}.Release|Any CPU.Build.0 = Release|Any CPU
		{DB615770-1B24-D4DD-CB8E-9A27E33E3039}.Debug|Any CPU.ActiveCfg = Debug|Any CPU
		{DB615770-1B24-D4DD-CB8E-9A27E33E3039}.Debug|Any CPU.Build.0 = Debug|Any CPU
		{DB615770-1B24-D4DD-CB8E-9A27E33E3039}.Release|Any CPU.ActiveCfg = Release|Any CPU
		{DB615770-1B24-D4DD-CB8E-9A27E33E3039}.Release|Any CPU.Build.0 = Release|Any CPU
	EndGlobalSection
	GlobalSection(SolutionProperties) = preSolution
		HideSolutionNode = FALSE
	EndGlobalSection
EndGlobal
